// !$*UTF8*$!
{
	archiveVersion = 1;
	classes = {
	};
	objectVersion = 46;
	objects = {

/* Begin PBXBuildFile section */
		0B967D5C1F0466E300F8AF31 /* MemeTextFieldDelegate.swift in Sources */ = {isa = PBXBuildFile; fileRef = 0B967D5B1F0466E300F8AF31 /* MemeTextFieldDelegate.swift */; };
		0B968F411F0036D8005E3A3A /* AppDelegate.swift in Sources */ = {isa = PBXBuildFile; fileRef = 0B968F401F0036D8005E3A3A /* AppDelegate.swift */; };
		0B968F431F0036D8005E3A3A /* MemeMeViewController.swift in Sources */ = {isa = PBXBuildFile; fileRef = 0B968F421F0036D8005E3A3A /* MemeMeViewController.swift */; };
		0B968F461F0036D8005E3A3A /* Main.storyboard in Resources */ = {isa = PBXBuildFile; fileRef = 0B968F441F0036D8005E3A3A /* Main.storyboard */; };
		0B968F481F0036D8005E3A3A /* Assets.xcassets in Resources */ = {isa = PBXBuildFile; fileRef = 0B968F471F0036D8005E3A3A /* Assets.xcassets */; };
		0B968F4B1F0036D8005E3A3A /* LaunchScreen.storyboard in Resources */ = {isa = PBXBuildFile; fileRef = 0B968F491F0036D8005E3A3A /* LaunchScreen.storyboard */; };
/* End PBXBuildFile section */

/* Begin PBXFileReference section */
		0B967D5B1F0466E300F8AF31 /* MemeTextFieldDelegate.swift */ = {isa = PBXFileReference; fileEncoding = 4; lastKnownFileType = sourcecode.swift; path = MemeTextFieldDelegate.swift; sourceTree = "<group>"; };
		0B968F3D1F0036D8005E3A3A /* MemeMe.app */ = {isa = PBXFileReference; explicitFileType = wrapper.application; includeInIndex = 0; path = MemeMe.app; sourceTree = BUILT_PRODUCTS_DIR; };
		0B968F401F0036D8005E3A3A /* AppDelegate.swift */ = {isa = PBXFileReference; lastKnownFileType = sourcecode.swift; path = AppDelegate.swift; sourceTree = "<group>"; };
		0B968F421F0036D8005E3A3A /* MemeMeViewController.swift */ = {isa = PBXFileReference; lastKnownFileType = sourcecode.swift; path = MemeMeViewController.swift; sourceTree = "<group>"; };
		0B968F451F0036D8005E3A3A /* Base */ = {isa = PBXFileReference; lastKnownFileType = file.storyboard; name = Base; path = Base.lproj/Main.storyboard; sourceTree = "<group>"; };
		0B968F471F0036D8005E3A3A /* Assets.xcassets */ = {isa = PBXFileReference; lastKnownFileType = folder.assetcatalog; path = Assets.xcassets; sourceTree = "<group>"; };
		0B968F4A1F0036D8005E3A3A /* Base */ = {isa = PBXFileReference; lastKnownFileType = file.storyboard; name = Base; path = Base.lproj/LaunchScreen.storyboard; sourceTree = "<group>"; };
		0B968F4C1F0036D8005E3A3A /* Info.plist */ = {isa = PBXFileReference; lastKnownFileType = text.plist.xml; path = Info.plist; sourceTree = "<group>"; };
/* End PBXFileReference section */

/* Begin PBXFrameworksBuildPhase section */
		0B968F3A1F0036D8005E3A3A /* Frameworks */ = {
			isa = PBXFrameworksBuildPhase;
			buildActionMask = 2147483647;
			files = (
			);
			runOnlyForDeploymentPostprocessing = 0;
		};
/* End PBXFrameworksBuildPhase section */

/* Begin PBXGroup section */
		0B968F341F0036D8005E3A3A = {
			isa = PBXGroup;
			children = (
				0B968F3F1F0036D8005E3A3A /* MemeMe */,
				0B968F3E1F0036D8005E3A3A /* Products */,
			);
			sourceTree = "<group>";
		};
		0B968F3E1F0036D8005E3A3A /* Products */ = {
			isa = PBXGroup;
			children = (
				0B968F3D1F0036D8005E3A3A /* MemeMe.app */,
			);
			name = Products;
			sourceTree = "<group>";
		};
		0B968F3F1F0036D8005E3A3A /* MemeMe */ = {
			isa = PBXGroup;
			children = (
				0B968F401F0036D8005E3A3A /* AppDelegate.swift */,
				0B968F421F0036D8005E3A3A /* MemeMeViewController.swift */,
				0B967D5B1F0466E300F8AF31 /* MemeTextFieldDelegate.swift */,
				0B968F441F0036D8005E3A3A /* Main.storyboard */,
				0B968F471F0036D8005E3A3A /* Assets.xcassets */,
				0B968F491F0036D8005E3A3A /* LaunchScreen.storyboard */,
				0B968F4C1F0036D8005E3A3A /* Info.plist */,
			);
			path = MemeMe;
			sourceTree = "<group>";
		};
/* End PBXGroup section */

/* Begin PBXNativeTarget section */
		0B968F3C1F0036D8005E3A3A /* MemeMe */ = {
			isa = PBXNativeTarget;
			buildConfigurationList = 0B968F4F1F0036D8005E3A3A /* Build configuration list for PBXNativeTarget "MemeMe" */;
			buildPhases = (
				0B968F391F0036D8005E3A3A /* Sources */,
				0B968F3A1F0036D8005E3A3A /* Frameworks */,
				0B968F3B1F0036D8005E3A3A /* Resources */,
			);
			buildRules = (
			);
			dependencies = (
			);
			name = MemeMe;
			productName = MemeMe;
			productReference = 0B968F3D1F0036D8005E3A3A /* MemeMe.app */;
			productType = "com.apple.product-type.application";
		};
/* End PBXNativeTarget section */

/* Begin PBXProject section */
		0B968F351F0036D8005E3A3A /* Project object */ = {
			isa = PBXProject;
			attributes = {
				LastSwiftUpdateCheck = 0830;
				LastUpgradeCheck = 0830;
				ORGANIZATIONNAME = "Jae-Seung Lee";
				TargetAttributes = {
					0B968F3C1F0036D8005E3A3A = {
						CreatedOnToolsVersion = 8.3.3;
						DevelopmentTeam = RWVTTVMWBE;
						ProvisioningStyle = Automatic;
					};
				};
			};
			buildConfigurationList = 0B968F381F0036D8005E3A3A /* Build configuration list for PBXProject "MemeMe" */;
			compatibilityVersion = "Xcode 3.2";
			developmentRegion = English;
			hasScannedForEncodings = 0;
			knownRegions = (
				en,
				Base,
			);
			mainGroup = 0B968F341F0036D8005E3A3A;
			productRefGroup = 0B968F3E1F0036D8005E3A3A /* Products */;
			projectDirPath = "";
			projectRoot = "";
			targets = (
				0B968F3C1F0036D8005E3A3A /* MemeMe */,
			);
		};
/* End PBXProject section */

/* Begin PBXResourcesBuildPhase section */
		0B968F3B1F0036D8005E3A3A /* Resources */ = {
			isa = PBXResourcesBuildPhase;
			buildActionMask = 2147483647;
			files = (
				0B968F4B1F0036D8005E3A3A /* LaunchScreen.storyboard in Resources */,
				0B968F481F0036D8005E3A3A /* Assets.xcassets in Resources */,
				0B968F461F0036D8005E3A3A /* Main.storyboard in Resources */,
			);
			runOnlyForDeploymentPostprocessing = 0;
		};
/* End PBXResourcesBuildPhase section */

/* Begin PBXSourcesBuildPhase section */
		0B968F391F0036D8005E3A3A /* Sources */ = {
			isa = PBXSourcesBuildPhase;
			buildActionMask = 2147483647;
			files = (
				0B968F431F0036D8005E3A3A /* MemeMeViewController.swift in Sources */,
				0B967D5C1F0466E300F8AF31 /* MemeTextFieldDelegate.swift in Sources */,
				0B968F411F0036D8005E3A3A /* AppDelegate.swift in Sources */,
			);
			runOnlyForDeploymentPostprocessing = 0;
		};
/* End PBXSourcesBuildPhase section */

/* Begin PBXVariantGroup section */
		0B968F441F0036D8005E3A3A /* Main.storyboard */ = {
			isa = PBXVariantGroup;
			children = (
				0B968F451F0036D8005E3A3A /* Base */,
			);
			name = Main.storyboard;
			sourceTree = "<group>";
		};
		0B968F491F0036D8005E3A3A /* LaunchScreen.storyboard */ = {
			isa = PBXVariantGroup;
			children = (
				0B968F4A1F0036D8005E3A3A /* Base */,
			);
			name = LaunchScreen.storyboard;
			sourceTree = "<group>";
		};
/* End PBXVariantGroup section */

/* Begin XCBuildConfiguration section */
		0B968F4D1F0036D8005E3A3A /* Debug */ = {
			isa = XCBuildConfiguration;
			buildSettings = {
				ALWAYS_SEARCH_USER_PATHS = NO;
				CLANG_ANALYZER_NONNULL = YES;
				CLANG_ANALYZER_NUMBER_OBJECT_CONVERSION = YES_AGGRESSIVE;
				CLANG_CXX_LANGUAGE_STANDARD = "gnu++0x";
				CLANG_CXX_LIBRARY = "libc++";
				CLANG_ENABLE_MODULES = YES;
				CLANG_ENABLE_OBJC_ARC = YES;
				CLANG_WARN_BOOL_CONVERSION = YES;
				CLANG_WARN_CONSTANT_CONVERSION = YES;
				CLANG_WARN_DIRECT_OBJC_ISA_USAGE = YES_ERROR;
				CLANG_WARN_DOCUMENTATION_COMMENTS = YES;
				CLANG_WARN_EMPTY_BODY = YES;
				CLANG_WARN_ENUM_CONVERSION = YES;
				CLANG_WARN_INFINITE_RECURSION = YES;
				CLANG_WARN_INT_CONVERSION = YES;
				CLANG_WARN_OBJC_ROOT_CLASS = YES_ERROR;
				CLANG_WARN_SUSPICIOUS_MOVE = YES;
				CLANG_WARN_UNREACHABLE_CODE = YES;
				CLANG_WARN__DUPLICATE_METHOD_MATCH = YES;
				"CODE_SIGN_IDENTITY[sdk=iphoneos*]" = "iPhone Developer";
				COPY_PHASE_STRIP = NO;
				DEBUG_INFORMATION_FORMAT = dwarf;
				ENABLE_STRICT_OBJC_MSGSEND = YES;
				ENABLE_TESTABILITY = YES;
				GCC_C_LANGUAGE_STANDARD = gnu99;
				GCC_DYNAMIC_NO_PIC = NO;
				GCC_NO_COMMON_BLOCKS = YES;
				GCC_OPTIMIZATION_LEVEL = 0;
				GCC_PREPROCESSOR_DEFINITIONS = (
					"DEBUG=1",
					"$(inherited)",
				);
				GCC_WARN_64_TO_32_BIT_CONVERSION = YES;
				GCC_WARN_ABOUT_RETURN_TYPE = YES_ERROR;
				GCC_WARN_UNDECLARED_SELECTOR = YES;
				GCC_WARN_UNINITIALIZED_AUTOS = YES_AGGRESSIVE;
				GCC_WARN_UNUSED_FUNCTION = YES;
				GCC_WARN_UNUSED_VARIABLE = YES;
				IPHONEOS_DEPLOYMENT_TARGET = 10.3;
				MTL_ENABLE_DEBUG_INFO = YES;
				ONLY_ACTIVE_ARCH = YES;
				SDKROOT = iphoneos;
				SWIFT_ACTIVE_COMPILATION_CONDITIONS = DEBUG;
				SWIFT_OPTIMIZATION_LEVEL = "-Onone";
				TARGETED_DEVICE_FAMILY = "1,2";
			};
			name = Debug;
		};
		0B968F4E1F0036D8005E3A3A /* Release */ = {
			isa = XCBuildConfiguration;
			buildSettings = {
				ALWAYS_SEARCH_USER_PATHS = NO;
				CLANG_ANALYZER_NONNULL = YES;
				CLANG_ANALYZER_NUMBER_OBJECT_CONVERSION = YES_AGGRESSIVE;
				CLANG_CXX_LANGUAGE_STANDARD = "gnu++0x";
				CLANG_CXX_LIBRARY = "libc++";
				CLANG_ENABLE_MODULES = YES;
				CLANG_ENABLE_OBJC_ARC = YES;
				CLANG_WARN_BOOL_CONVERSION = YES;
				CLANG_WARN_CONSTANT_CONVERSION = YES;
				CLANG_WARN_DIRECT_OBJC_ISA_USAGE = YES_ERROR;
				CLANG_WARN_DOCUMENTATION_COMMENTS = YES;
				CLANG_WARN_EMPTY_BODY = YES;
				CLANG_WARN_ENUM_CONVERSION = YES;
				CLANG_WARN_INFINITE_RECURSION = YES;
				CLANG_WARN_INT_CONVERSION = YES;
				CLANG_WARN_OBJC_ROOT_CLASS = YES_ERROR;
				CLANG_WARN_SUSPICIOUS_MOVE = YES;
				CLANG_WARN_UNREACHABLE_CODE = YES;
				CLANG_WARN__DUPLICATE_METHOD_MATCH = YES;
				"CODE_SIGN_IDENTITY[sdk=iphoneos*]" = "iPhone Developer";
				COPY_PHASE_STRIP = NO;
				DEBUG_INFORMATION_FORMAT = "dwarf-with-dsym";
				ENABLE_NS_ASSERTIONS = NO;
				ENABLE_STRICT_OBJC_MSGSEND = YES;
				GCC_C_LANGUAGE_STANDARD = gnu99;
				GCC_NO_COMMON_BLOCKS = YES;
				GCC_WARN_64_TO_32_BIT_CONVERSION = YES;
				GCC_WARN_ABOUT_RETURN_TYPE = YES_ERROR;
				GCC_WARN_UNDECLARED_SELECTOR = YES;
				GCC_WARN_UNINITIALIZED_AUTOS = YES_AGGRESSIVE;
				GCC_WARN_UNUSED_FUNCTION = YES;
				GCC_WARN_UNUSED_VARIABLE = YES;
				IPHONEOS_DEPLOYMENT_TARGET = 10.3;
				MTL_ENABLE_DEBUG_INFO = NO;
				SDKROOT = iphoneos;
				SWIFT_OPTIMIZATION_LEVEL = "-Owholemodule";
				TARGETED_DEVICE_FAMILY = "1,2";
				VALIDATE_PRODUCT = YES;
			};
			name = Release;
		};
		0B968F501F0036D8005E3A3A /* Debug */ = {
			isa = XCBuildConfiguration;
			buildSettings = {
				ASSETCATALOG_COMPILER_APPICON_NAME = AppIcon;
				DEVELOPMENT_TEAM = RWVTTVMWBE;
				INFOPLIST_FILE = MemeMe/Info.plist;
				LD_RUNPATH_SEARCH_PATHS = "$(inherited) @executable_path/Frameworks";
				PRODUCT_BUNDLE_IDENTIFIER = com.resonance.jslee.MemeMe;
				PRODUCT_NAME = "$(TARGET_NAME)";
				SWIFT_VERSION = 3.0;
			};
			name = Debug;
		};
		0B968F511F0036D8005E3A3A /* Release */ = {
			isa = XCBuildConfiguration;
			buildSettings = {
				ASSETCATALOG_COMPILER_APPICON_NAME = AppIcon;
				DEVELOPMENT_TEAM = RWVTTVMWBE;
				INFOPLIST_FILE = MemeMe/Info.plist;
				LD_RUNPATH_SEARCH_PATHS = "$(inherited) @executable_path/Frameworks";
				PRODUCT_BUNDLE_IDENTIFIER = com.resonance.jslee.MemeMe;
				PRODUCT_NAME = "$(TARGET_NAME)";
				SWIFT_VERSION = 3.0;
			};
			name = Release;
		};
/* End XCBuildConfiguration section */

/* Begin XCConfigurationList section */
		0B968F381F0036D8005E3A3A /* Build configuration list for PBXProject "MemeMe" */ = {
			isa = XCConfigurationList;
			buildConfigurations = (
				0B968F4D1F0036D8005E3A3A /* Debug */,
				0B968F4E1F0036D8005E3A3A /* Release */,
			);
			defaultConfigurationIsVisible = 0;
			defaultConfigurationName = Release;
		};
		0B968F4F1F0036D8005E3A3A /* Build configuration list for PBXNativeTarget "MemeMe" */ = {
			isa = XCConfigurationList;
			buildConfigurations = (
				0B968F501F0036D8005E3A3A /* Debug */,
				0B968F511F0036D8005E3A3A /* Release */,
			);
			defaultConfigurationIsVisible = 0;
			defaultConfigurationName = Release;
		};
/* End XCConfigurationList section */
	};
	rootObject = 0B968F351F0036D8005E3A3A /* Project object */;
}
